
Microsoft Visual Studio Solution File, Format Version 12.00
# Visual Studio Version 17
VisualStudioVersion = 17.7.34202.233
MinimumVisualStudioVersion = 10.0.40219.1
Project("{FAE04EC0-301F-11D3-BF4B-00C04F79EFBC}") = "UngDung_DACN", "UngDung_DACN\UngDung_DACN.csproj", "{159D0121-6E89-4863-B706-CCB710721617}"
EndProject
Global
	GlobalSection(SolutionConfigurationPlatforms) = preSolution
		Debug|Any CPU = Debug|Any CPU
		Release|Any CPU = Release|Any CPU
	EndGlobalSection
	GlobalSection(ProjectConfigurationPlatforms) = postSolution
		{159D0121-6E89-4863-B706-CCB710721617}.Debug|Any CPU.ActiveCfg = Debug|Any CPU
		{159D0121-6E89-4863-B706-CCB710721617}.Debug|Any CPU.Build.0 = Debug|Any CPU
		{159D0121-6E89-4863-B706-CCB710721617}.Release|Any CPU.ActiveCfg = Release|Any CPU
		{159D0121-6E89-4863-B706-CCB710721617}.Release|Any CPU.Build.0 = Release|Any CPU
	EndGlobalSection
	GlobalSection(SolutionProperties) = preSolution
		HideSolutionNode = FALSE
	EndGlobalSection
	GlobalSection(ExtensibilityGlobals) = postSolution
		SolutionGuid = {64ACCC49-E908-4C4A-A614-7BB85CAAC1C3}
	EndGlobalSection
EndGlobal
