
Microsoft Visual Studio Solution File, Format Version 12.00
# Visual Studio Version 17
VisualStudioVersion = 17.7.34202.233
MinimumVisualStudioVersion = 10.0.40219.1
Project("{D2ABAB84-BF74-430A-B69E-9DC6D40DDA17}") = "SSAS_SV", "SSAS_SV\SSAS_SV.dwproj", "{5465665B-1669-4576-845F-CD0AD0F7319F}"
EndProject
Global
	GlobalSection(SolutionConfigurationPlatforms) = preSolution
		Development|Default = Development|Default
	EndGlobalSection
	GlobalSection(ProjectConfigurationPlatforms) = postSolution
		{5465665B-1669-4576-845F-CD0AD0F7319F}.Development|Default.ActiveCfg = Development
		{5465665B-1669-4576-845F-CD0AD0F7319F}.Development|Default.Build.0 = Development
		{5465665B-1669-4576-845F-CD0AD0F7319F}.Development|Default.Deploy.0 = Development
	EndGlobalSection
	GlobalSection(SolutionProperties) = preSolution
		HideSolutionNode = FALSE
	EndGlobalSection
	GlobalSection(ExtensibilityGlobals) = postSolution
		SolutionGuid = {A7DB99FF-A8BC-4E58-A980-EDDDF5044022}
	EndGlobalSection
EndGlobal
